// !$*UTF8*$!
{
	archiveVersion = 1;
	classes = {
	};
	objectVersion = 55;
	objects = {

/* Begin PBXBuildFile section */
		7C37DD3C27BEC07600A6FE50 /* ChooseHeroViewController.swift in Sources */ = {isa = PBXBuildFile; fileRef = 7C37DD3A27BEC07600A6FE50 /* ChooseHeroViewController.swift */; };
		7C37DD3D27BEC07600A6FE50 /* ChooseHeroViewController.xib in Resources */ = {isa = PBXBuildFile; fileRef = 7C37DD3B27BEC07600A6FE50 /* ChooseHeroViewController.xib */; };
		7C37DD3F27BEC08600A6FE50 /* ChooseHeroView.swift in Sources */ = {isa = PBXBuildFile; fileRef = 7C37DD3E27BEC08600A6FE50 /* ChooseHeroView.swift */; };
		7C59D4E627BEA1EC00B63B52 /* UIVIew+Gradient.swift in Sources */ = {isa = PBXBuildFile; fileRef = 7C59D4E527BEA1EC00B63B52 /* UIVIew+Gradient.swift */; };
		7C80D12A27BBAFC000BB5662 /* AppDelegate.swift in Sources */ = {isa = PBXBuildFile; fileRef = 7C80D12927BBAFC000BB5662 /* AppDelegate.swift */; };
		7C80D13327BBAFC100BB5662 /* Assets.xcassets in Resources */ = {isa = PBXBuildFile; fileRef = 7C80D13227BBAFC100BB5662 /* Assets.xcassets */; };
		7C80D13627BBAFC100BB5662 /* LaunchScreen.storyboard in Resources */ = {isa = PBXBuildFile; fileRef = 7C80D13427BBAFC100BB5662 /* LaunchScreen.storyboard */; };
		7C80D14827BBB2F600BB5662 /* Coordinator.swift in Sources */ = {isa = PBXBuildFile; fileRef = 7C80D14727BBB2F500BB5662 /* Coordinator.swift */; };
		7C80D14B27BBB3CC00BB5662 /* MainCoordinator.swift in Sources */ = {isa = PBXBuildFile; fileRef = 7C80D14A27BBB3CC00BB5662 /* MainCoordinator.swift */; };
		7CB748A027BFE22200F7A914 /* HomeScreenViewController.swift in Sources */ = {isa = PBXBuildFile; fileRef = 7CB7489E27BFE22200F7A914 /* HomeScreenViewController.swift */; };
		7CB748A127BFE22200F7A914 /* HomeScreenViewController.xib in Resources */ = {isa = PBXBuildFile; fileRef = 7CB7489F27BFE22200F7A914 /* HomeScreenViewController.xib */; };
		7CB748A527BFE25D00F7A914 /* HomeScreenView.swift in Sources */ = {isa = PBXBuildFile; fileRef = 7CB748A427BFE25D00F7A914 /* HomeScreenView.swift */; };
		7CDC843327C3E8F600C4E4CB /* homeScreen+Gradient.swift in Sources */ = {isa = PBXBuildFile; fileRef = 7CDC843227C3E8F500C4E4CB /* homeScreen+Gradient.swift */; };
		7CDC843627C3F28A00C4E4CB /* ProfileCoreData.xcdatamodeld in Sources */ = {isa = PBXBuildFile; fileRef = 7CDC843427C3F28A00C4E4CB /* ProfileCoreData.xcdatamodeld */; };
		7CDC843927C3F47400C4E4CB /* Profile+CoreDataClass.swift in Sources */ = {isa = PBXBuildFile; fileRef = 7CDC843727C3F47400C4E4CB /* Profile+CoreDataClass.swift */; };
		7CDC843A27C3F47400C4E4CB /* Profile+CoreDataProperties.swift in Sources */ = {isa = PBXBuildFile; fileRef = 7CDC843827C3F47400C4E4CB /* Profile+CoreDataProperties.swift */; };
		7CE9998627BEA5BA000F22D6 /* MainViewController.swift in Sources */ = {isa = PBXBuildFile; fileRef = 7CE9998427BEA5BA000F22D6 /* MainViewController.swift */; };
		7CE9998727BEA5BA000F22D6 /* MainViewController.xib in Resources */ = {isa = PBXBuildFile; fileRef = 7CE9998527BEA5BA000F22D6 /* MainViewController.xib */; };
		7CE9998927BEA5E3000F22D6 /* MainView.swift in Sources */ = {isa = PBXBuildFile; fileRef = 7CE9998827BEA5E3000F22D6 /* MainView.swift */; };
		7CE9998C27BEA67C000F22D6 /* BaseViewController.swift in Sources */ = {isa = PBXBuildFile; fileRef = 7CE9998B27BEA67C000F22D6 /* BaseViewController.swift */; };
		7CE9998E27BEA6B9000F22D6 /* RootViewGettable.swift in Sources */ = {isa = PBXBuildFile; fileRef = 7CE9998D27BEA6B9000F22D6 /* RootViewGettable.swift */; };
/* End PBXBuildFile section */

/* Begin PBXFileReference section */
		7C37DD3A27BEC07600A6FE50 /* ChooseHeroViewController.swift */ = {isa = PBXFileReference; lastKnownFileType = sourcecode.swift; path = ChooseHeroViewController.swift; sourceTree = "<group>"; };
		7C37DD3B27BEC07600A6FE50 /* ChooseHeroViewController.xib */ = {isa = PBXFileReference; lastKnownFileType = file.xib; path = ChooseHeroViewController.xib; sourceTree = "<group>"; };
		7C37DD3E27BEC08600A6FE50 /* ChooseHeroView.swift */ = {isa = PBXFileReference; lastKnownFileType = sourcecode.swift; path = ChooseHeroView.swift; sourceTree = "<group>"; };
		7C59D4E527BEA1EC00B63B52 /* UIVIew+Gradient.swift */ = {isa = PBXFileReference; lastKnownFileType = sourcecode.swift; path = "UIVIew+Gradient.swift"; sourceTree = "<group>"; };
		7C80D12627BBAFC000BB5662 /* SuperheroDenysiuk.app */ = {isa = PBXFileReference; explicitFileType = wrapper.application; includeInIndex = 0; path = SuperheroDenysiuk.app; sourceTree = BUILT_PRODUCTS_DIR; };
		7C80D12927BBAFC000BB5662 /* AppDelegate.swift */ = {isa = PBXFileReference; lastKnownFileType = sourcecode.swift; path = AppDelegate.swift; sourceTree = "<group>"; };
		7C80D13227BBAFC100BB5662 /* Assets.xcassets */ = {isa = PBXFileReference; lastKnownFileType = folder.assetcatalog; path = Assets.xcassets; sourceTree = "<group>"; };
		7C80D13527BBAFC100BB5662 /* Base */ = {isa = PBXFileReference; lastKnownFileType = file.storyboard; name = Base; path = Base.lproj/LaunchScreen.storyboard; sourceTree = "<group>"; };
		7C80D13727BBAFC100BB5662 /* Info.plist */ = {isa = PBXFileReference; lastKnownFileType = text.plist.xml; path = Info.plist; sourceTree = "<group>"; };
		7C80D14727BBB2F500BB5662 /* Coordinator.swift */ = {isa = PBXFileReference; lastKnownFileType = sourcecode.swift; path = Coordinator.swift; sourceTree = "<group>"; };
		7C80D14A27BBB3CC00BB5662 /* MainCoordinator.swift */ = {isa = PBXFileReference; lastKnownFileType = sourcecode.swift; path = MainCoordinator.swift; sourceTree = "<group>"; };
		7CB7489E27BFE22200F7A914 /* HomeScreenViewController.swift */ = {isa = PBXFileReference; lastKnownFileType = sourcecode.swift; path = HomeScreenViewController.swift; sourceTree = "<group>"; };
		7CB7489F27BFE22200F7A914 /* HomeScreenViewController.xib */ = {isa = PBXFileReference; lastKnownFileType = file.xib; path = HomeScreenViewController.xib; sourceTree = "<group>"; };
		7CB748A427BFE25D00F7A914 /* HomeScreenView.swift */ = {isa = PBXFileReference; lastKnownFileType = sourcecode.swift; path = HomeScreenView.swift; sourceTree = "<group>"; };
		7CDC843227C3E8F500C4E4CB /* homeScreen+Gradient.swift */ = {isa = PBXFileReference; lastKnownFileType = sourcecode.swift; path = "homeScreen+Gradient.swift"; sourceTree = "<group>"; };
		7CDC843527C3F28A00C4E4CB /* ProfileCoreData.xcdatamodel */ = {isa = PBXFileReference; lastKnownFileType = wrapper.xcdatamodel; path = ProfileCoreData.xcdatamodel; sourceTree = "<group>"; };
		7CDC843727C3F47400C4E4CB /* Profile+CoreDataClass.swift */ = {isa = PBXFileReference; lastKnownFileType = sourcecode.swift; name = "Profile+CoreDataClass.swift"; path = "SuperheroDenysiuk/Source/Models/Profile+CoreDataClass.swift"; sourceTree = SOURCE_ROOT; };
		7CDC843827C3F47400C4E4CB /* Profile+CoreDataProperties.swift */ = {isa = PBXFileReference; lastKnownFileType = sourcecode.swift; name = "Profile+CoreDataProperties.swift"; path = "SuperheroDenysiuk/Source/Models/Profile+CoreDataProperties.swift"; sourceTree = SOURCE_ROOT; };
		7CE9998427BEA5BA000F22D6 /* MainViewController.swift */ = {isa = PBXFileReference; lastKnownFileType = sourcecode.swift; path = MainViewController.swift; sourceTree = "<group>"; };
		7CE9998527BEA5BA000F22D6 /* MainViewController.xib */ = {isa = PBXFileReference; lastKnownFileType = file.xib; path = MainViewController.xib; sourceTree = "<group>"; };
		7CE9998827BEA5E3000F22D6 /* MainView.swift */ = {isa = PBXFileReference; lastKnownFileType = sourcecode.swift; path = MainView.swift; sourceTree = "<group>"; };
		7CE9998B27BEA67C000F22D6 /* BaseViewController.swift */ = {isa = PBXFileReference; lastKnownFileType = sourcecode.swift; path = BaseViewController.swift; sourceTree = "<group>"; };
		7CE9998D27BEA6B9000F22D6 /* RootViewGettable.swift */ = {isa = PBXFileReference; lastKnownFileType = sourcecode.swift; path = RootViewGettable.swift; sourceTree = "<group>"; };
/* End PBXFileReference section */

/* Begin PBXFrameworksBuildPhase section */
		7C80D12327BBAFC000BB5662 /* Frameworks */ = {
			isa = PBXFrameworksBuildPhase;
			buildActionMask = 2147483647;
			files = (
			);
			runOnlyForDeploymentPostprocessing = 0;
		};
/* End PBXFrameworksBuildPhase section */

/* Begin PBXGroup section */
		7C37DD3927BEC04500A6FE50 /* ChooseHero */ = {
			isa = PBXGroup;
			children = (
				7C37DD3A27BEC07600A6FE50 /* ChooseHeroViewController.swift */,
				7C37DD3B27BEC07600A6FE50 /* ChooseHeroViewController.xib */,
				7C37DD3E27BEC08600A6FE50 /* ChooseHeroView.swift */,
			);
			path = ChooseHero;
			sourceTree = "<group>";
		};
		7C59D4E727BEA45900B63B52 /* Source */ = {
			isa = PBXGroup;
			children = (
				7CE9998A27BEA668000F22D6 /* Libs */,
				7C80D13D27BBB1EF00BB5662 /* Extensions */,
				7C80D13E27BBB1FE00BB5662 /* Protocols */,
				7C80D13F27BBB20900BB5662 /* Models */,
				7C80D14127BBB24000BB5662 /* Presentation */,
			);
			path = Source;
			sourceTree = "<group>";
		};
		7C59D4E827BEA45E00B63B52 /* Resources */ = {
			isa = PBXGroup;
			children = (
				7C80D13227BBAFC100BB5662 /* Assets.xcassets */,
				7C80D13727BBAFC100BB5662 /* Info.plist */,
				7C80D13427BBAFC100BB5662 /* LaunchScreen.storyboard */,
			);
			path = Resources;
			sourceTree = "<group>";
		};
		7C59D4E927BEA48400B63B52 /* UI */ = {
			isa = PBXGroup;
			children = (
				7CB7489D27BFE20F00F7A914 /* HomeScreen */,
				7C37DD3927BEC04500A6FE50 /* ChooseHero */,
				7CE9998327BEA5A2000F22D6 /* MainView */,
			);
			path = UI;
			sourceTree = "<group>";
		};
		7C80D11D27BBAFC000BB5662 = {
			isa = PBXGroup;
			children = (
				7C80D12827BBAFC000BB5662 /* SuperheroDenysiuk */,
				7C80D12727BBAFC000BB5662 /* Products */,
			);
			sourceTree = "<group>";
		};
		7C80D12727BBAFC000BB5662 /* Products */ = {
			isa = PBXGroup;
			children = (
				7C80D12627BBAFC000BB5662 /* SuperheroDenysiuk.app */,
			);
			name = Products;
			sourceTree = "<group>";
		};
		7C80D12827BBAFC000BB5662 /* SuperheroDenysiuk */ = {
			isa = PBXGroup;
			children = (
				7C59D4E827BEA45E00B63B52 /* Resources */,
				7C59D4E727BEA45900B63B52 /* Source */,
				7C80D12927BBAFC000BB5662 /* AppDelegate.swift */,
			);
			path = SuperheroDenysiuk;
			sourceTree = "<group>";
		};
		7C80D13D27BBB1EF00BB5662 /* Extensions */ = {
			isa = PBXGroup;
			children = (
				7C59D4E527BEA1EC00B63B52 /* UIVIew+Gradient.swift */,
				7CDC843227C3E8F500C4E4CB /* homeScreen+Gradient.swift */,
			);
			path = Extensions;
			sourceTree = "<group>";
		};
		7C80D13E27BBB1FE00BB5662 /* Protocols */ = {
			isa = PBXGroup;
			children = (
				7C80D14727BBB2F500BB5662 /* Coordinator.swift */,
				7CE9998D27BEA6B9000F22D6 /* RootViewGettable.swift */,
			);
			path = Protocols;
			sourceTree = "<group>";
		};
		7C80D13F27BBB20900BB5662 /* Models */ = {
			isa = PBXGroup;
			children = (
				7CDC843727C3F47400C4E4CB /* Profile+CoreDataClass.swift */,
				7CDC843827C3F47400C4E4CB /* Profile+CoreDataProperties.swift */,
				7CDC843427C3F28A00C4E4CB /* ProfileCoreData.xcdatamodeld */,
			);
			path = Models;
			sourceTree = "<group>";
		};
		7C80D14127BBB24000BB5662 /* Presentation */ = {
			isa = PBXGroup;
			children = (
				7C59D4E927BEA48400B63B52 /* UI */,
				7C80D14927BBB3B000BB5662 /* Coordinator */,
				7C80D14327BBB29800BB5662 /* Storyboard */,
			);
			path = Presentation;
			sourceTree = "<group>";
		};
		7C80D14327BBB29800BB5662 /* Storyboard */ = {
			isa = PBXGroup;
			children = (
			);
			path = Storyboard;
			sourceTree = "<group>";
		};
		7C80D14927BBB3B000BB5662 /* Coordinator */ = {
			isa = PBXGroup;
			children = (
				7C80D14A27BBB3CC00BB5662 /* MainCoordinator.swift */,
			);
			path = Coordinator;
			sourceTree = "<group>";
		};
		7CB7489D27BFE20F00F7A914 /* HomeScreen */ = {
			isa = PBXGroup;
			children = (
				7CB7489E27BFE22200F7A914 /* HomeScreenViewController.swift */,
				7CB7489F27BFE22200F7A914 /* HomeScreenViewController.xib */,
				7CB748A427BFE25D00F7A914 /* HomeScreenView.swift */,
			);
			path = HomeScreen;
			sourceTree = "<group>";
		};
		7CE9998327BEA5A2000F22D6 /* MainView */ = {
			isa = PBXGroup;
			children = (
				7CE9998427BEA5BA000F22D6 /* MainViewController.swift */,
				7CE9998527BEA5BA000F22D6 /* MainViewController.xib */,
				7CE9998827BEA5E3000F22D6 /* MainView.swift */,
			);
			path = MainView;
			sourceTree = "<group>";
		};
		7CE9998A27BEA668000F22D6 /* Libs */ = {
			isa = PBXGroup;
			children = (
				7CE9998B27BEA67C000F22D6 /* BaseViewController.swift */,
			);
			path = Libs;
			sourceTree = "<group>";
		};
/* End PBXGroup section */

/* Begin PBXNativeTarget section */
		7C80D12527BBAFC000BB5662 /* SuperheroDenysiuk */ = {
			isa = PBXNativeTarget;
			buildConfigurationList = 7C80D13A27BBAFC100BB5662 /* Build configuration list for PBXNativeTarget "SuperheroDenysiuk" */;
			buildPhases = (
				7C80D12227BBAFC000BB5662 /* Sources */,
				7C80D12327BBAFC000BB5662 /* Frameworks */,
				7C80D12427BBAFC000BB5662 /* Resources */,
			);
			buildRules = (
			);
			dependencies = (
			);
			name = SuperheroDenysiuk;
			productName = SuperheroDenysiuk;
			productReference = 7C80D12627BBAFC000BB5662 /* SuperheroDenysiuk.app */;
			productType = "com.apple.product-type.application";
		};
/* End PBXNativeTarget section */

/* Begin PBXProject section */
		7C80D11E27BBAFC000BB5662 /* Project object */ = {
			isa = PBXProject;
			attributes = {
				BuildIndependentTargetsInParallel = 1;
				LastSwiftUpdateCheck = 1320;
				LastUpgradeCheck = 1320;
				TargetAttributes = {
					7C80D12527BBAFC000BB5662 = {
						CreatedOnToolsVersion = 13.2.1;
					};
				};
			};
			buildConfigurationList = 7C80D12127BBAFC000BB5662 /* Build configuration list for PBXProject "SuperheroDenysiuk" */;
			compatibilityVersion = "Xcode 13.0";
			developmentRegion = en;
			hasScannedForEncodings = 0;
			knownRegions = (
				en,
				Base,
			);
			mainGroup = 7C80D11D27BBAFC000BB5662;
			productRefGroup = 7C80D12727BBAFC000BB5662 /* Products */;
			projectDirPath = "";
			projectRoot = "";
			targets = (
				7C80D12527BBAFC000BB5662 /* SuperheroDenysiuk */,
			);
		};
/* End PBXProject section */

/* Begin PBXResourcesBuildPhase section */
		7C80D12427BBAFC000BB5662 /* Resources */ = {
			isa = PBXResourcesBuildPhase;
			buildActionMask = 2147483647;
			files = (
				7C80D13627BBAFC100BB5662 /* LaunchScreen.storyboard in Resources */,
				7C80D13327BBAFC100BB5662 /* Assets.xcassets in Resources */,
				7CB748A127BFE22200F7A914 /* HomeScreenViewController.xib in Resources */,
				7CE9998727BEA5BA000F22D6 /* MainViewController.xib in Resources */,
				7C37DD3D27BEC07600A6FE50 /* ChooseHeroViewController.xib in Resources */,
			);
			runOnlyForDeploymentPostprocessing = 0;
		};
/* End PBXResourcesBuildPhase section */

/* Begin PBXSourcesBuildPhase section */
		7C80D12227BBAFC000BB5662 /* Sources */ = {
			isa = PBXSourcesBuildPhase;
			buildActionMask = 2147483647;
			files = (
				7C80D14827BBB2F600BB5662 /* Coordinator.swift in Sources */,
				7CDC843927C3F47400C4E4CB /* Profile+CoreDataClass.swift in Sources */,
				7CE9998927BEA5E3000F22D6 /* MainView.swift in Sources */,
				7C59D4E627BEA1EC00B63B52 /* UIVIew+Gradient.swift in Sources */,
				7CB748A527BFE25D00F7A914 /* HomeScreenView.swift in Sources */,
				7CDC843627C3F28A00C4E4CB /* ProfileCoreData.xcdatamodeld in Sources */,
				7C80D12A27BBAFC000BB5662 /* AppDelegate.swift in Sources */,
				7CDC843327C3E8F600C4E4CB /* homeScreen+Gradient.swift in Sources */,
				7C37DD3C27BEC07600A6FE50 /* ChooseHeroViewController.swift in Sources */,
				7CB748A027BFE22200F7A914 /* HomeScreenViewController.swift in Sources */,
				7C80D14B27BBB3CC00BB5662 /* MainCoordinator.swift in Sources */,
				7CE9998C27BEA67C000F22D6 /* BaseViewController.swift in Sources */,
				7CE9998E27BEA6B9000F22D6 /* RootViewGettable.swift in Sources */,
				7CE9998627BEA5BA000F22D6 /* MainViewController.swift in Sources */,
				7CDC843A27C3F47400C4E4CB /* Profile+CoreDataProperties.swift in Sources */,
				7C37DD3F27BEC08600A6FE50 /* ChooseHeroView.swift in Sources */,
			);
			runOnlyForDeploymentPostprocessing = 0;
		};
/* End PBXSourcesBuildPhase section */

/* Begin PBXVariantGroup section */
		7C80D13427BBAFC100BB5662 /* LaunchScreen.storyboard */ = {
			isa = PBXVariantGroup;
			children = (
				7C80D13527BBAFC100BB5662 /* Base */,
			);
			name = LaunchScreen.storyboard;
			sourceTree = "<group>";
		};
/* End PBXVariantGroup section */

/* Begin XCBuildConfiguration section */
		7C80D13827BBAFC100BB5662 /* Debug */ = {
			isa = XCBuildConfiguration;
			buildSettings = {
				ALWAYS_SEARCH_USER_PATHS = NO;
				CLANG_ANALYZER_NONNULL = YES;
				CLANG_ANALYZER_NUMBER_OBJECT_CONVERSION = YES_AGGRESSIVE;
				CLANG_CXX_LANGUAGE_STANDARD = "gnu++17";
				CLANG_CXX_LIBRARY = "libc++";
				CLANG_ENABLE_MODULES = YES;
				CLANG_ENABLE_OBJC_ARC = YES;
				CLANG_ENABLE_OBJC_WEAK = YES;
				CLANG_WARN_BLOCK_CAPTURE_AUTORELEASING = YES;
				CLANG_WARN_BOOL_CONVERSION = YES;
				CLANG_WARN_COMMA = YES;
				CLANG_WARN_CONSTANT_CONVERSION = YES;
				CLANG_WARN_DEPRECATED_OBJC_IMPLEMENTATIONS = YES;
				CLANG_WARN_DIRECT_OBJC_ISA_USAGE = YES_ERROR;
				CLANG_WARN_DOCUMENTATION_COMMENTS = YES;
				CLANG_WARN_EMPTY_BODY = YES;
				CLANG_WARN_ENUM_CONVERSION = YES;
				CLANG_WARN_INFINITE_RECURSION = YES;
				CLANG_WARN_INT_CONVERSION = YES;
				CLANG_WARN_NON_LITERAL_NULL_CONVERSION = YES;
				CLANG_WARN_OBJC_IMPLICIT_RETAIN_SELF = YES;
				CLANG_WARN_OBJC_LITERAL_CONVERSION = YES;
				CLANG_WARN_OBJC_ROOT_CLASS = YES_ERROR;
				CLANG_WARN_QUOTED_INCLUDE_IN_FRAMEWORK_HEADER = YES;
				CLANG_WARN_RANGE_LOOP_ANALYSIS = YES;
				CLANG_WARN_STRICT_PROTOTYPES = YES;
				CLANG_WARN_SUSPICIOUS_MOVE = YES;
				CLANG_WARN_UNGUARDED_AVAILABILITY = YES_AGGRESSIVE;
				CLANG_WARN_UNREACHABLE_CODE = YES;
				CLANG_WARN__DUPLICATE_METHOD_MATCH = YES;
				COPY_PHASE_STRIP = NO;
				DEBUG_INFORMATION_FORMAT = dwarf;
				ENABLE_STRICT_OBJC_MSGSEND = YES;
				ENABLE_TESTABILITY = YES;
				GCC_C_LANGUAGE_STANDARD = gnu11;
				GCC_DYNAMIC_NO_PIC = NO;
				GCC_NO_COMMON_BLOCKS = YES;
				GCC_OPTIMIZATION_LEVEL = 0;
				GCC_PREPROCESSOR_DEFINITIONS = (
					"DEBUG=1",
					"$(inherited)",
				);
				GCC_WARN_64_TO_32_BIT_CONVERSION = YES;
				GCC_WARN_ABOUT_RETURN_TYPE = YES_ERROR;
				GCC_WARN_UNDECLARED_SELECTOR = YES;
				GCC_WARN_UNINITIALIZED_AUTOS = YES_AGGRESSIVE;
				GCC_WARN_UNUSED_FUNCTION = YES;
				GCC_WARN_UNUSED_VARIABLE = YES;
				IPHONEOS_DEPLOYMENT_TARGET = 15.2;
				MTL_ENABLE_DEBUG_INFO = INCLUDE_SOURCE;
				MTL_FAST_MATH = YES;
				ONLY_ACTIVE_ARCH = YES;
				SDKROOT = iphoneos;
				SWIFT_ACTIVE_COMPILATION_CONDITIONS = DEBUG;
				SWIFT_OPTIMIZATION_LEVEL = "-Onone";
			};
			name = Debug;
		};
		7C80D13927BBAFC100BB5662 /* Release */ = {
			isa = XCBuildConfiguration;
			buildSettings = {
				ALWAYS_SEARCH_USER_PATHS = NO;
				CLANG_ANALYZER_NONNULL = YES;
				CLANG_ANALYZER_NUMBER_OBJECT_CONVERSION = YES_AGGRESSIVE;
				CLANG_CXX_LANGUAGE_STANDARD = "gnu++17";
				CLANG_CXX_LIBRARY = "libc++";
				CLANG_ENABLE_MODULES = YES;
				CLANG_ENABLE_OBJC_ARC = YES;
				CLANG_ENABLE_OBJC_WEAK = YES;
				CLANG_WARN_BLOCK_CAPTURE_AUTORELEASING = YES;
				CLANG_WARN_BOOL_CONVERSION = YES;
				CLANG_WARN_COMMA = YES;
				CLANG_WARN_CONSTANT_CONVERSION = YES;
				CLANG_WARN_DEPRECATED_OBJC_IMPLEMENTATIONS = YES;
				CLANG_WARN_DIRECT_OBJC_ISA_USAGE = YES_ERROR;
				CLANG_WARN_DOCUMENTATION_COMMENTS = YES;
				CLANG_WARN_EMPTY_BODY = YES;
				CLANG_WARN_ENUM_CONVERSION = YES;
				CLANG_WARN_INFINITE_RECURSION = YES;
				CLANG_WARN_INT_CONVERSION = YES;
				CLANG_WARN_NON_LITERAL_NULL_CONVERSION = YES;
				CLANG_WARN_OBJC_IMPLICIT_RETAIN_SELF = YES;
				CLANG_WARN_OBJC_LITERAL_CONVERSION = YES;
				CLANG_WARN_OBJC_ROOT_CLASS = YES_ERROR;
				CLANG_WARN_QUOTED_INCLUDE_IN_FRAMEWORK_HEADER = YES;
				CLANG_WARN_RANGE_LOOP_ANALYSIS = YES;
				CLANG_WARN_STRICT_PROTOTYPES = YES;
				CLANG_WARN_SUSPICIOUS_MOVE = YES;
				CLANG_WARN_UNGUARDED_AVAILABILITY = YES_AGGRESSIVE;
				CLANG_WARN_UNREACHABLE_CODE = YES;
				CLANG_WARN__DUPLICATE_METHOD_MATCH = YES;
				COPY_PHASE_STRIP = NO;
				DEBUG_INFORMATION_FORMAT = "dwarf-with-dsym";
				ENABLE_NS_ASSERTIONS = NO;
				ENABLE_STRICT_OBJC_MSGSEND = YES;
				GCC_C_LANGUAGE_STANDARD = gnu11;
				GCC_NO_COMMON_BLOCKS = YES;
				GCC_WARN_64_TO_32_BIT_CONVERSION = YES;
				GCC_WARN_ABOUT_RETURN_TYPE = YES_ERROR;
				GCC_WARN_UNDECLARED_SELECTOR = YES;
				GCC_WARN_UNINITIALIZED_AUTOS = YES_AGGRESSIVE;
				GCC_WARN_UNUSED_FUNCTION = YES;
				GCC_WARN_UNUSED_VARIABLE = YES;
				IPHONEOS_DEPLOYMENT_TARGET = 15.2;
				MTL_ENABLE_DEBUG_INFO = NO;
				MTL_FAST_MATH = YES;
				SDKROOT = iphoneos;
				SWIFT_COMPILATION_MODE = wholemodule;
				SWIFT_OPTIMIZATION_LEVEL = "-O";
				VALIDATE_PRODUCT = YES;
			};
			name = Release;
		};
		7C80D13B27BBAFC100BB5662 /* Debug */ = {
			isa = XCBuildConfiguration;
			buildSettings = {
				ASSETCATALOG_COMPILER_APPICON_NAME = AppIcon;
				ASSETCATALOG_COMPILER_GLOBAL_ACCENT_COLOR_NAME = AccentColor;
				CODE_SIGN_STYLE = Automatic;
				CURRENT_PROJECT_VERSION = 1;
				DEVELOPMENT_TEAM = W8M92723Q6;
				GENERATE_INFOPLIST_FILE = YES;
				INFOPLIST_FILE = SuperheroDenysiuk/Resources/Info.plist;
				INFOPLIST_KEY_UIApplicationSupportsIndirectInputEvents = YES;
				INFOPLIST_KEY_UILaunchStoryboardName = LaunchScreen;
				INFOPLIST_KEY_UISupportedInterfaceOrientations_iPad = "UIInterfaceOrientationPortrait UIInterfaceOrientationPortraitUpsideDown UIInterfaceOrientationLandscapeLeft UIInterfaceOrientationLandscapeRight";
				INFOPLIST_KEY_UISupportedInterfaceOrientations_iPhone = "UIInterfaceOrientationPortrait UIInterfaceOrientationLandscapeLeft UIInterfaceOrientationLandscapeRight";
				LD_RUNPATH_SEARCH_PATHS = (
					"$(inherited)",
					"@executable_path/Frameworks",
				);
				MARKETING_VERSION = 1.0;
				PRODUCT_BUNDLE_IDENTIFIER = vladyslavdenysiuk.SuperheroDenysiuk;
				PRODUCT_NAME = "$(TARGET_NAME)";
				SWIFT_EMIT_LOC_STRINGS = YES;
				SWIFT_VERSION = 5.0;
				TARGETED_DEVICE_FAMILY = "1,2";
			};
			name = Debug;
		};
		7C80D13C27BBAFC100BB5662 /* Release */ = {
			isa = XCBuildConfiguration;
			buildSettings = {
				ASSETCATALOG_COMPILER_APPICON_NAME = AppIcon;
				ASSETCATALOG_COMPILER_GLOBAL_ACCENT_COLOR_NAME = AccentColor;
				CODE_SIGN_STYLE = Automatic;
				CURRENT_PROJECT_VERSION = 1;
				DEVELOPMENT_TEAM = W8M92723Q6;
				GENERATE_INFOPLIST_FILE = YES;
				INFOPLIST_FILE = SuperheroDenysiuk/Resources/Info.plist;
				INFOPLIST_KEY_UIApplicationSupportsIndirectInputEvents = YES;
				INFOPLIST_KEY_UILaunchStoryboardName = LaunchScreen;
				INFOPLIST_KEY_UISupportedInterfaceOrientations_iPad = "UIInterfaceOrientationPortrait UIInterfaceOrientationPortraitUpsideDown UIInterfaceOrientationLandscapeLeft UIInterfaceOrientationLandscapeRight";
				INFOPLIST_KEY_UISupportedInterfaceOrientations_iPhone = "UIInterfaceOrientationPortrait UIInterfaceOrientationLandscapeLeft UIInterfaceOrientationLandscapeRight";
				LD_RUNPATH_SEARCH_PATHS = (
					"$(inherited)",
					"@executable_path/Frameworks",
				);
				MARKETING_VERSION = 1.0;
				PRODUCT_BUNDLE_IDENTIFIER = vladyslavdenysiuk.SuperheroDenysiuk;
				PRODUCT_NAME = "$(TARGET_NAME)";
				SWIFT_EMIT_LOC_STRINGS = YES;
				SWIFT_VERSION = 5.0;
				TARGETED_DEVICE_FAMILY = "1,2";
			};
			name = Release;
		};
/* End XCBuildConfiguration section */

/* Begin XCConfigurationList section */
		7C80D12127BBAFC000BB5662 /* Build configuration list for PBXProject "SuperheroDenysiuk" */ = {
			isa = XCConfigurationList;
			buildConfigurations = (
				7C80D13827BBAFC100BB5662 /* Debug */,
				7C80D13927BBAFC100BB5662 /* Release */,
			);
			defaultConfigurationIsVisible = 0;
			defaultConfigurationName = Release;
		};
		7C80D13A27BBAFC100BB5662 /* Build configuration list for PBXNativeTarget "SuperheroDenysiuk" */ = {
			isa = XCConfigurationList;
			buildConfigurations = (
				7C80D13B27BBAFC100BB5662 /* Debug */,
				7C80D13C27BBAFC100BB5662 /* Release */,
			);
			defaultConfigurationIsVisible = 0;
			defaultConfigurationName = Release;
		};
/* End XCConfigurationList section */

/* Begin XCVersionGroup section */
		7CDC843427C3F28A00C4E4CB /* ProfileCoreData.xcdatamodeld */ = {
			isa = XCVersionGroup;
			children = (
				7CDC843527C3F28A00C4E4CB /* ProfileCoreData.xcdatamodel */,
			);
			currentVersion = 7CDC843527C3F28A00C4E4CB /* ProfileCoreData.xcdatamodel */;
			path = ProfileCoreData.xcdatamodeld;
			sourceTree = "<group>";
			versionGroupType = wrapper.xcdatamodel;
		};
/* End XCVersionGroup section */
	};
	rootObject = 7C80D11E27BBAFC000BB5662 /* Project object */;
}
